
Microsoft Visual Studio Solution File, Format Version 12.00
# Visual Studio Version 17
VisualStudioVersion = 17.14.36705.20 d17.14
MinimumVisualStudioVersion = 10.0.40219.1
Project("{FAE04EC0-301F-11D3-BF4B-00C04F79EFBC}") = "Cleaning.DAL", "DAL\Cleaning.DAL.csproj", "{7048DF74-0641-4837-B713-B615112DE732}"
EndProject
Project("{FAE04EC0-301F-11D3-BF4B-00C04F79EFBC}") = "Cleaning.BLL", "BLL\Cleaning.BLL.csproj", "{D854022F-DB55-4927-AF4A-DAA0C60FA4A9}"
EndProject
Project("{FAE04EC0-301F-11D3-BF4B-00C04F79EFBC}") = "CleaningService.API", "CleaningService.API\CleaningService.API.csproj", "{DFD1CA16-3C71-4B1B-990D-CD8E41244B04}"
EndProject
Project("{2150E333-8FDC-42A3-9474-1A3956D46DE8}") = "tests", "tests", "{766175C6-C9FB-4A6B-9580-3AAEAE78AAB6}"
EndProject
Project("{FAE04EC0-301F-11D3-BF4B-00C04F79EFBC}") = "Cleaning.BLL.Tests", "tests\Cleaning.BLL.Tests\Cleaning.BLL.Tests.csproj", "{063DD24B-4192-4CA0-B97F-9C9A327697D3}"
EndProject
Project("{FAE04EC0-301F-11D3-BF4B-00C04F79EFBC}") = "CleaningService.API.Tests", "tests\CleaningService.API.Tests\CleaningService.API.Tests.csproj", "{58B5FD23-4EFB-4324-A01A-20A9D1486524}"
EndProject
Global
	GlobalSection(SolutionConfigurationPlatforms) = preSolution
		Debug|Any CPU = Debug|Any CPU
		Release|Any CPU = Release|Any CPU
	EndGlobalSection
	GlobalSection(ProjectConfigurationPlatforms) = postSolution
		{7048DF74-0641-4837-B713-B615112DE732}.Debug|Any CPU.ActiveCfg = Debug|Any CPU
		{7048DF74-0641-4837-B713-B615112DE732}.Debug|Any CPU.Build.0 = Debug|Any CPU
		{7048DF74-0641-4837-B713-B615112DE732}.Release|Any CPU.ActiveCfg = Release|Any CPU
		{7048DF74-0641-4837-B713-B615112DE732}.Release|Any CPU.Build.0 = Release|Any CPU
		{D854022F-DB55-4927-AF4A-DAA0C60FA4A9}.Debug|Any CPU.ActiveCfg = Debug|Any CPU
		{D854022F-DB55-4927-AF4A-DAA0C60FA4A9}.Debug|Any CPU.Build.0 = Debug|Any CPU
		{D854022F-DB55-4927-AF4A-DAA0C60FA4A9}.Release|Any CPU.ActiveCfg = Release|Any CPU
		{D854022F-DB55-4927-AF4A-DAA0C60FA4A9}.Release|Any CPU.Build.0 = Release|Any CPU
		{DFD1CA16-3C71-4B1B-990D-CD8E41244B04}.Debug|Any CPU.ActiveCfg = Debug|Any CPU
		{DFD1CA16-3C71-4B1B-990D-CD8E41244B04}.Debug|Any CPU.Build.0 = Debug|Any CPU
		{DFD1CA16-3C71-4B1B-990D-CD8E41244B04}.Release|Any CPU.ActiveCfg = Release|Any CPU
		{DFD1CA16-3C71-4B1B-990D-CD8E41244B04}.Release|Any CPU.Build.0 = Release|Any CPU
		{063DD24B-4192-4CA0-B97F-9C9A327697D3}.Debug|Any CPU.ActiveCfg = Debug|Any CPU
		{063DD24B-4192-4CA0-B97F-9C9A327697D3}.Debug|Any CPU.Build.0 = Debug|Any CPU
		{063DD24B-4192-4CA0-B97F-9C9A327697D3}.Release|Any CPU.ActiveCfg = Release|Any CPU
		{063DD24B-4192-4CA0-B97F-9C9A327697D3}.Release|Any CPU.Build.0 = Release|Any CPU
		{58B5FD23-4EFB-4324-A01A-20A9D1486524}.Debug|Any CPU.ActiveCfg = Debug|Any CPU
		{58B5FD23-4EFB-4324-A01A-20A9D1486524}.Debug|Any CPU.Build.0 = Debug|Any CPU
		{58B5FD23-4EFB-4324-A01A-20A9D1486524}.Release|Any CPU.ActiveCfg = Release|Any CPU
		{58B5FD23-4EFB-4324-A01A-20A9D1486524}.Release|Any CPU.Build.0 = Release|Any CPU
	EndGlobalSection
	GlobalSection(SolutionProperties) = preSolution
		HideSolutionNode = FALSE
	EndGlobalSection
	GlobalSection(ExtensibilityGlobals) = postSolution
		SolutionGuid = {ABAF92C3-A739-4615-9EF8-73D23A364A81}
	EndGlobalSection
	GlobalSection(NestedProjects) = preSolution
		{063DD24B-4192-4CA0-B97F-9C9A327697D3} = {766175C6-C9FB-4A6B-9580-3AAEAE78AAB6}
		{58B5FD23-4EFB-4324-A01A-20A9D1486524} = {766175C6-C9FB-4A6B-9580-3AAEAE78AAB6}
	EndGlobalSection
EndGlobal
