
Microsoft Visual Studio Solution File, Format Version 12.00
# Visual Studio Version 17
VisualStudioVersion = 17.14.36705.20 d17.14
MinimumVisualStudioVersion = 10.0.40219.1
Project("{FAE04EC0-301F-11D3-BF4B-00C04F79EFBC}") = "Cleaning.DAL", "DAL\Cleaning.DAL.csproj", "{7048DF74-0641-4837-B713-B615112DE732}"
EndProject
Project("{FAE04EC0-301F-11D3-BF4B-00C04F79EFBC}") = "Cleaning.BLL", "BLL\Cleaning.BLL.csproj", "{D854022F-DB55-4927-AF4A-DAA0C60FA4A9}"
EndProject
Project("{FAE04EC0-301F-11D3-BF4B-00C04F79EFBC}") = "CleaningService.API", "CleaningService.API\CleaningService.API.csproj", "{DFD1CA16-3C71-4B1B-990D-CD8E41244B04}"
EndProject
Global
	GlobalSection(SolutionConfigurationPlatforms) = preSolution
		Debug|Any CPU = Debug|Any CPU
		Release|Any CPU = Release|Any CPU
	EndGlobalSection
	GlobalSection(ProjectConfigurationPlatforms) = postSolution
		{7048DF74-0641-4837-B713-B615112DE732}.Debug|Any CPU.ActiveCfg = Debug|Any CPU
		{7048DF74-0641-4837-B713-B615112DE732}.Debug|Any CPU.Build.0 = Debug|Any CPU
		{7048DF74-0641-4837-B713-B615112DE732}.Release|Any CPU.ActiveCfg = Release|Any CPU
		{7048DF74-0641-4837-B713-B615112DE732}.Release|Any CPU.Build.0 = Release|Any CPU
		{D854022F-DB55-4927-AF4A-DAA0C60FA4A9}.Debug|Any CPU.ActiveCfg = Debug|Any CPU
		{D854022F-DB55-4927-AF4A-DAA0C60FA4A9}.Debug|Any CPU.Build.0 = Debug|Any CPU
		{D854022F-DB55-4927-AF4A-DAA0C60FA4A9}.Release|Any CPU.ActiveCfg = Release|Any CPU
		{D854022F-DB55-4927-AF4A-DAA0C60FA4A9}.Release|Any CPU.Build.0 = Release|Any CPU
		{DFD1CA16-3C71-4B1B-990D-CD8E41244B04}.Debug|Any CPU.ActiveCfg = Debug|Any CPU
		{DFD1CA16-3C71-4B1B-990D-CD8E41244B04}.Debug|Any CPU.Build.0 = Debug|Any CPU
		{DFD1CA16-3C71-4B1B-990D-CD8E41244B04}.Release|Any CPU.ActiveCfg = Release|Any CPU
		{DFD1CA16-3C71-4B1B-990D-CD8E41244B04}.Release|Any CPU.Build.0 = Release|Any CPU
	EndGlobalSection
	GlobalSection(SolutionProperties) = preSolution
		HideSolutionNode = FALSE
	EndGlobalSection
	GlobalSection(ExtensibilityGlobals) = postSolution
		SolutionGuid = {ABAF92C3-A739-4615-9EF8-73D23A364A81}
	EndGlobalSection
EndGlobal
